
Microsoft Visual Studio Solution File, Format Version 12.00
# Visual Studio Version 16
VisualStudioVersion = 25.0.1706.14
MinimumVisualStudioVersion = 10.0.40219.1
Project("{FAE04EC0-301F-11D3-BF4B-00C04F79EFBC}") = "EarnestsWebApi", "EarnestsWebApi.csproj", "{3CC4AB86-4EF9-4DC9-9C3E-D0972CE8829F}"
EndProject
Global
	GlobalSection(SolutionConfigurationPlatforms) = preSolution
		Debug|Any CPU = Debug|Any CPU
		Release|Any CPU = Release|Any CPU
	EndGlobalSection
	GlobalSection(ProjectConfigurationPlatforms) = postSolution
		{3CC4AB86-4EF9-4DC9-9C3E-D0972CE8829F}.Debug|Any CPU.ActiveCfg = Debug|Any CPU
		{3CC4AB86-4EF9-4DC9-9C3E-D0972CE8829F}.Debug|Any CPU.Build.0 = Debug|Any CPU
		{3CC4AB86-4EF9-4DC9-9C3E-D0972CE8829F}.Release|Any CPU.ActiveCfg = Release|Any CPU
		{3CC4AB86-4EF9-4DC9-9C3E-D0972CE8829F}.Release|Any CPU.Build.0 = Release|Any CPU
	EndGlobalSection
	GlobalSection(SolutionProperties) = preSolution
		HideSolutionNode = FALSE
	EndGlobalSection
	GlobalSection(ExtensibilityGlobals) = postSolution
		SolutionGuid = {527616A8-E7D1-4EAB-AC02-1B18E007AFA3}
	EndGlobalSection
EndGlobal
